// !$*UTF8*$!
{
	archiveVersion = 1;
	classes = {
	};
	objectVersion = 55;
	objects = {

/* Begin PBXBuildFile section */
		62741A0F28C78AFD00CF5E8A /* voidApp.swift in Sources */ = {isa = PBXBuildFile; fileRef = 62741A0E28C78AFD00CF5E8A /* voidApp.swift */; };
		62741A1128C78AFD00CF5E8A /* ContentView.swift in Sources */ = {isa = PBXBuildFile; fileRef = 62741A1028C78AFD00CF5E8A /* ContentView.swift */; };
		62741A1328C78B0200CF5E8A /* Assets.xcassets in Resources */ = {isa = PBXBuildFile; fileRef = 62741A1228C78B0200CF5E8A /* Assets.xcassets */; };
		62741A1628C78B0200CF5E8A /* Preview Assets.xcassets in Resources */ = {isa = PBXBuildFile; fileRef = 62741A1528C78B0200CF5E8A /* Preview Assets.xcassets */; };
		62741A1D28C78F3B00CF5E8A /* ClassroomView.swift in Sources */ = {isa = PBXBuildFile; fileRef = 62741A1C28C78F3A00CF5E8A /* ClassroomView.swift */; };
		62741A1F28C7949500CF5E8A /* Feedbacks.swift in Sources */ = {isa = PBXBuildFile; fileRef = 62741A1E28C7949500CF5E8A /* Feedbacks.swift */; };
		62741A2128D370CB00CF5E8A /* StudentView.swift in Sources */ = {isa = PBXBuildFile; fileRef = 62741A2028D370CB00CF5E8A /* StudentView.swift */; };
		62741A2428DCA58D00CF5E8A /* Classroom.swift in Sources */ = {isa = PBXBuildFile; fileRef = 62741A2328DCA58D00CF5E8A /* Classroom.swift */; };
		62741A2628DCA97100CF5E8A /* ClassroomViewModel.swift in Sources */ = {isa = PBXBuildFile; fileRef = 62741A2528DCA97100CF5E8A /* ClassroomViewModel.swift */; };
		62741A2828DCAB6000CF5E8A /* Topic.swift in Sources */ = {isa = PBXBuildFile; fileRef = 62741A2728DCAB6000CF5E8A /* Topic.swift */; };
		62741A2B28E33F1100CF5E8A /* AddTopicView.swift in Sources */ = {isa = PBXBuildFile; fileRef = 62741A2A28E33F1100CF5E8A /* AddTopicView.swift */; };
		62741A2D28E33F8100CF5E8A /* TopicViewModel.swift in Sources */ = {isa = PBXBuildFile; fileRef = 62741A2C28E33F8100CF5E8A /* TopicViewModel.swift */; };
		62741A3028E4B8C200CF5E8A /* Student.swift in Sources */ = {isa = PBXBuildFile; fileRef = 62741A2F28E4B8C100CF5E8A /* Student.swift */; };
		62741A3228E4B99100CF5E8A /* StudentViewModel.swift in Sources */ = {isa = PBXBuildFile; fileRef = 62741A3128E4B99100CF5E8A /* StudentViewModel.swift */; };
		62741A3428F5AB2C00CF5E8A /* TopicCard.swift in Sources */ = {isa = PBXBuildFile; fileRef = 62741A3328F5AB2C00CF5E8A /* TopicCard.swift */; };
/* End PBXBuildFile section */

/* Begin PBXFileReference section */
		62741A0B28C78AFD00CF5E8A /* void.app */ = {isa = PBXFileReference; explicitFileType = wrapper.application; includeInIndex = 0; path = void.app; sourceTree = BUILT_PRODUCTS_DIR; };
		62741A0E28C78AFD00CF5E8A /* voidApp.swift */ = {isa = PBXFileReference; lastKnownFileType = sourcecode.swift; path = voidApp.swift; sourceTree = "<group>"; };
		62741A1028C78AFD00CF5E8A /* ContentView.swift */ = {isa = PBXFileReference; lastKnownFileType = sourcecode.swift; path = ContentView.swift; sourceTree = "<group>"; };
		62741A1228C78B0200CF5E8A /* Assets.xcassets */ = {isa = PBXFileReference; lastKnownFileType = folder.assetcatalog; path = Assets.xcassets; sourceTree = "<group>"; };
		62741A1528C78B0200CF5E8A /* Preview Assets.xcassets */ = {isa = PBXFileReference; lastKnownFileType = folder.assetcatalog; path = "Preview Assets.xcassets"; sourceTree = "<group>"; };
		62741A1C28C78F3A00CF5E8A /* ClassroomView.swift */ = {isa = PBXFileReference; lastKnownFileType = sourcecode.swift; path = ClassroomView.swift; sourceTree = "<group>"; };
		62741A1E28C7949500CF5E8A /* Feedbacks.swift */ = {isa = PBXFileReference; lastKnownFileType = sourcecode.swift; path = Feedbacks.swift; sourceTree = "<group>"; };
		62741A2028D370CB00CF5E8A /* StudentView.swift */ = {isa = PBXFileReference; lastKnownFileType = sourcecode.swift; path = StudentView.swift; sourceTree = "<group>"; };
		62741A2328DCA58D00CF5E8A /* Classroom.swift */ = {isa = PBXFileReference; lastKnownFileType = sourcecode.swift; path = Classroom.swift; sourceTree = "<group>"; };
		62741A2528DCA97100CF5E8A /* ClassroomViewModel.swift */ = {isa = PBXFileReference; lastKnownFileType = sourcecode.swift; path = ClassroomViewModel.swift; sourceTree = "<group>"; };
		62741A2728DCAB6000CF5E8A /* Topic.swift */ = {isa = PBXFileReference; lastKnownFileType = sourcecode.swift; path = Topic.swift; sourceTree = "<group>"; };
		62741A2A28E33F1100CF5E8A /* AddTopicView.swift */ = {isa = PBXFileReference; lastKnownFileType = sourcecode.swift; path = AddTopicView.swift; sourceTree = "<group>"; };
		62741A2C28E33F8100CF5E8A /* TopicViewModel.swift */ = {isa = PBXFileReference; lastKnownFileType = sourcecode.swift; path = TopicViewModel.swift; sourceTree = "<group>"; };
		62741A2F28E4B8C100CF5E8A /* Student.swift */ = {isa = PBXFileReference; lastKnownFileType = sourcecode.swift; path = Student.swift; sourceTree = "<group>"; };
		62741A3128E4B99100CF5E8A /* StudentViewModel.swift */ = {isa = PBXFileReference; lastKnownFileType = sourcecode.swift; path = StudentViewModel.swift; sourceTree = "<group>"; };
		62741A3328F5AB2C00CF5E8A /* TopicCard.swift */ = {isa = PBXFileReference; lastKnownFileType = sourcecode.swift; path = TopicCard.swift; sourceTree = "<group>"; };
/* End PBXFileReference section */

/* Begin PBXFrameworksBuildPhase section */
		62741A0828C78AFD00CF5E8A /* Frameworks */ = {
			isa = PBXFrameworksBuildPhase;
			buildActionMask = 2147483647;
			files = (
			);
			runOnlyForDeploymentPostprocessing = 0;
		};
/* End PBXFrameworksBuildPhase section */

/* Begin PBXGroup section */
		62741A0228C78AFD00CF5E8A = {
			isa = PBXGroup;
			children = (
				62741A0D28C78AFD00CF5E8A /* void */,
				62741A0C28C78AFD00CF5E8A /* Products */,
			);
			sourceTree = "<group>";
		};
		62741A0C28C78AFD00CF5E8A /* Products */ = {
			isa = PBXGroup;
			children = (
				62741A0B28C78AFD00CF5E8A /* void.app */,
			);
			name = Products;
			sourceTree = "<group>";
		};
		62741A0D28C78AFD00CF5E8A /* void */ = {
			isa = PBXGroup;
			children = (
				62741A2E28E4B65C00CF5E8A /* Student */,
				62741A2928E33EFB00CF5E8A /* Topic */,
				62741A2228DCA52600CF5E8A /* Class */,
				62741A0E28C78AFD00CF5E8A /* voidApp.swift */,
				62741A1028C78AFD00CF5E8A /* ContentView.swift */,
				62741A1228C78B0200CF5E8A /* Assets.xcassets */,
				62741A1428C78B0200CF5E8A /* Preview Content */,
				62741A1E28C7949500CF5E8A /* Feedbacks.swift */,
			);
			path = void;
			sourceTree = "<group>";
		};
		62741A1428C78B0200CF5E8A /* Preview Content */ = {
			isa = PBXGroup;
			children = (
				62741A1528C78B0200CF5E8A /* Preview Assets.xcassets */,
			);
			path = "Preview Content";
			sourceTree = "<group>";
		};
		62741A2228DCA52600CF5E8A /* Class */ = {
			isa = PBXGroup;
			children = (
				62741A1C28C78F3A00CF5E8A /* ClassroomView.swift */,
				62741A2328DCA58D00CF5E8A /* Classroom.swift */,
				62741A2528DCA97100CF5E8A /* ClassroomViewModel.swift */,
			);
			path = Class;
			sourceTree = "<group>";
		};
		62741A2928E33EFB00CF5E8A /* Topic */ = {
			isa = PBXGroup;
			children = (
				62741A2A28E33F1100CF5E8A /* AddTopicView.swift */,
				62741A3328F5AB2C00CF5E8A /* TopicCard.swift */,
				62741A2728DCAB6000CF5E8A /* Topic.swift */,
				62741A2C28E33F8100CF5E8A /* TopicViewModel.swift */,
			);
			path = Topic;
			sourceTree = "<group>";
		};
		62741A2E28E4B65C00CF5E8A /* Student */ = {
			isa = PBXGroup;
			children = (
				62741A2028D370CB00CF5E8A /* StudentView.swift */,
				62741A2F28E4B8C100CF5E8A /* Student.swift */,
				62741A3128E4B99100CF5E8A /* StudentViewModel.swift */,
			);
			path = Student;
			sourceTree = "<group>";
		};
/* End PBXGroup section */

/* Begin PBXNativeTarget section */
		62741A0A28C78AFD00CF5E8A /* void */ = {
			isa = PBXNativeTarget;
			buildConfigurationList = 62741A1928C78B0200CF5E8A /* Build configuration list for PBXNativeTarget "void" */;
			buildPhases = (
				62741A0728C78AFD00CF5E8A /* Sources */,
				62741A0828C78AFD00CF5E8A /* Frameworks */,
				62741A0928C78AFD00CF5E8A /* Resources */,
			);
			buildRules = (
			);
			dependencies = (
			);
			name = void;
			productName = void;
			productReference = 62741A0B28C78AFD00CF5E8A /* void.app */;
			productType = "com.apple.product-type.application";
		};
/* End PBXNativeTarget section */

/* Begin PBXProject section */
		62741A0328C78AFD00CF5E8A /* Project object */ = {
			isa = PBXProject;
			attributes = {
				BuildIndependentTargetsInParallel = 1;
				LastSwiftUpdateCheck = 1300;
				LastUpgradeCheck = 1300;
				TargetAttributes = {
					62741A0A28C78AFD00CF5E8A = {
						CreatedOnToolsVersion = 13.0;
					};
				};
			};
			buildConfigurationList = 62741A0628C78AFD00CF5E8A /* Build configuration list for PBXProject "void" */;
			compatibilityVersion = "Xcode 13.0";
			developmentRegion = en;
			hasScannedForEncodings = 0;
			knownRegions = (
				en,
				Base,
			);
			mainGroup = 62741A0228C78AFD00CF5E8A;
			productRefGroup = 62741A0C28C78AFD00CF5E8A /* Products */;
			projectDirPath = "";
			projectRoot = "";
			targets = (
				62741A0A28C78AFD00CF5E8A /* void */,
			);
		};
/* End PBXProject section */

/* Begin PBXResourcesBuildPhase section */
		62741A0928C78AFD00CF5E8A /* Resources */ = {
			isa = PBXResourcesBuildPhase;
			buildActionMask = 2147483647;
			files = (
				62741A1628C78B0200CF5E8A /* Preview Assets.xcassets in Resources */,
				62741A1328C78B0200CF5E8A /* Assets.xcassets in Resources */,
			);
			runOnlyForDeploymentPostprocessing = 0;
		};
/* End PBXResourcesBuildPhase section */

/* Begin PBXSourcesBuildPhase section */
		62741A0728C78AFD00CF5E8A /* Sources */ = {
			isa = PBXSourcesBuildPhase;
			buildActionMask = 2147483647;
			files = (
				62741A3228E4B99100CF5E8A /* StudentViewModel.swift in Sources */,
				62741A2428DCA58D00CF5E8A /* Classroom.swift in Sources */,
				62741A1D28C78F3B00CF5E8A /* ClassroomView.swift in Sources */,
				62741A2628DCA97100CF5E8A /* ClassroomViewModel.swift in Sources */,
				62741A3028E4B8C200CF5E8A /* Student.swift in Sources */,
				62741A1128C78AFD00CF5E8A /* ContentView.swift in Sources */,
				62741A3428F5AB2C00CF5E8A /* TopicCard.swift in Sources */,
				62741A2D28E33F8100CF5E8A /* TopicViewModel.swift in Sources */,
				62741A1F28C7949500CF5E8A /* Feedbacks.swift in Sources */,
				62741A2B28E33F1100CF5E8A /* AddTopicView.swift in Sources */,
				62741A2828DCAB6000CF5E8A /* Topic.swift in Sources */,
				62741A2128D370CB00CF5E8A /* StudentView.swift in Sources */,
				62741A0F28C78AFD00CF5E8A /* voidApp.swift in Sources */,
			);
			runOnlyForDeploymentPostprocessing = 0;
		};
/* End PBXSourcesBuildPhase section */

/* Begin XCBuildConfiguration section */
		62741A1728C78B0200CF5E8A /* Debug */ = {
			isa = XCBuildConfiguration;
			buildSettings = {
				ALWAYS_SEARCH_USER_PATHS = NO;
				CLANG_ANALYZER_NONNULL = YES;
				CLANG_ANALYZER_NUMBER_OBJECT_CONVERSION = YES_AGGRESSIVE;
				CLANG_CXX_LANGUAGE_STANDARD = "gnu++17";
				CLANG_CXX_LIBRARY = "libc++";
				CLANG_ENABLE_MODULES = YES;
				CLANG_ENABLE_OBJC_ARC = YES;
				CLANG_ENABLE_OBJC_WEAK = YES;
				CLANG_WARN_BLOCK_CAPTURE_AUTORELEASING = YES;
				CLANG_WARN_BOOL_CONVERSION = YES;
				CLANG_WARN_COMMA = YES;
				CLANG_WARN_CONSTANT_CONVERSION = YES;
				CLANG_WARN_DEPRECATED_OBJC_IMPLEMENTATIONS = YES;
				CLANG_WARN_DIRECT_OBJC_ISA_USAGE = YES_ERROR;
				CLANG_WARN_DOCUMENTATION_COMMENTS = YES;
				CLANG_WARN_EMPTY_BODY = YES;
				CLANG_WARN_ENUM_CONVERSION = YES;
				CLANG_WARN_INFINITE_RECURSION = YES;
				CLANG_WARN_INT_CONVERSION = YES;
				CLANG_WARN_NON_LITERAL_NULL_CONVERSION = YES;
				CLANG_WARN_OBJC_IMPLICIT_RETAIN_SELF = YES;
				CLANG_WARN_OBJC_LITERAL_CONVERSION = YES;
				CLANG_WARN_OBJC_ROOT_CLASS = YES_ERROR;
				CLANG_WARN_QUOTED_INCLUDE_IN_FRAMEWORK_HEADER = YES;
				CLANG_WARN_RANGE_LOOP_ANALYSIS = YES;
				CLANG_WARN_STRICT_PROTOTYPES = YES;
				CLANG_WARN_SUSPICIOUS_MOVE = YES;
				CLANG_WARN_UNGUARDED_AVAILABILITY = YES_AGGRESSIVE;
				CLANG_WARN_UNREACHABLE_CODE = YES;
				CLANG_WARN__DUPLICATE_METHOD_MATCH = YES;
				COPY_PHASE_STRIP = NO;
				DEBUG_INFORMATION_FORMAT = dwarf;
				ENABLE_STRICT_OBJC_MSGSEND = YES;
				ENABLE_TESTABILITY = YES;
				GCC_C_LANGUAGE_STANDARD = gnu11;
				GCC_DYNAMIC_NO_PIC = NO;
				GCC_NO_COMMON_BLOCKS = YES;
				GCC_OPTIMIZATION_LEVEL = 0;
				GCC_PREPROCESSOR_DEFINITIONS = (
					"DEBUG=1",
					"$(inherited)",
				);
				GCC_WARN_64_TO_32_BIT_CONVERSION = YES;
				GCC_WARN_ABOUT_RETURN_TYPE = YES_ERROR;
				GCC_WARN_UNDECLARED_SELECTOR = YES;
				GCC_WARN_UNINITIALIZED_AUTOS = YES_AGGRESSIVE;
				GCC_WARN_UNUSED_FUNCTION = YES;
				GCC_WARN_UNUSED_VARIABLE = YES;
				IPHONEOS_DEPLOYMENT_TARGET = 15.0;
				MTL_ENABLE_DEBUG_INFO = INCLUDE_SOURCE;
				MTL_FAST_MATH = YES;
				ONLY_ACTIVE_ARCH = YES;
				SDKROOT = iphoneos;
				SWIFT_ACTIVE_COMPILATION_CONDITIONS = DEBUG;
				SWIFT_OPTIMIZATION_LEVEL = "-Onone";
			};
			name = Debug;
		};
		62741A1828C78B0200CF5E8A /* Release */ = {
			isa = XCBuildConfiguration;
			buildSettings = {
				ALWAYS_SEARCH_USER_PATHS = NO;
				CLANG_ANALYZER_NONNULL = YES;
				CLANG_ANALYZER_NUMBER_OBJECT_CONVERSION = YES_AGGRESSIVE;
				CLANG_CXX_LANGUAGE_STANDARD = "gnu++17";
				CLANG_CXX_LIBRARY = "libc++";
				CLANG_ENABLE_MODULES = YES;
				CLANG_ENABLE_OBJC_ARC = YES;
				CLANG_ENABLE_OBJC_WEAK = YES;
				CLANG_WARN_BLOCK_CAPTURE_AUTORELEASING = YES;
				CLANG_WARN_BOOL_CONVERSION = YES;
				CLANG_WARN_COMMA = YES;
				CLANG_WARN_CONSTANT_CONVERSION = YES;
				CLANG_WARN_DEPRECATED_OBJC_IMPLEMENTATIONS = YES;
				CLANG_WARN_DIRECT_OBJC_ISA_USAGE = YES_ERROR;
				CLANG_WARN_DOCUMENTATION_COMMENTS = YES;
				CLANG_WARN_EMPTY_BODY = YES;
				CLANG_WARN_ENUM_CONVERSION = YES;
				CLANG_WARN_INFINITE_RECURSION = YES;
				CLANG_WARN_INT_CONVERSION = YES;
				CLANG_WARN_NON_LITERAL_NULL_CONVERSION = YES;
				CLANG_WARN_OBJC_IMPLICIT_RETAIN_SELF = YES;
				CLANG_WARN_OBJC_LITERAL_CONVERSION = YES;
				CLANG_WARN_OBJC_ROOT_CLASS = YES_ERROR;
				CLANG_WARN_QUOTED_INCLUDE_IN_FRAMEWORK_HEADER = YES;
				CLANG_WARN_RANGE_LOOP_ANALYSIS = YES;
				CLANG_WARN_STRICT_PROTOTYPES = YES;
				CLANG_WARN_SUSPICIOUS_MOVE = YES;
				CLANG_WARN_UNGUARDED_AVAILABILITY = YES_AGGRESSIVE;
				CLANG_WARN_UNREACHABLE_CODE = YES;
				CLANG_WARN__DUPLICATE_METHOD_MATCH = YES;
				COPY_PHASE_STRIP = NO;
				DEBUG_INFORMATION_FORMAT = "dwarf-with-dsym";
				ENABLE_NS_ASSERTIONS = NO;
				ENABLE_STRICT_OBJC_MSGSEND = YES;
				GCC_C_LANGUAGE_STANDARD = gnu11;
				GCC_NO_COMMON_BLOCKS = YES;
				GCC_WARN_64_TO_32_BIT_CONVERSION = YES;
				GCC_WARN_ABOUT_RETURN_TYPE = YES_ERROR;
				GCC_WARN_UNDECLARED_SELECTOR = YES;
				GCC_WARN_UNINITIALIZED_AUTOS = YES_AGGRESSIVE;
				GCC_WARN_UNUSED_FUNCTION = YES;
				GCC_WARN_UNUSED_VARIABLE = YES;
				IPHONEOS_DEPLOYMENT_TARGET = 15.0;
				MTL_ENABLE_DEBUG_INFO = NO;
				MTL_FAST_MATH = YES;
				SDKROOT = iphoneos;
				SWIFT_COMPILATION_MODE = wholemodule;
				SWIFT_OPTIMIZATION_LEVEL = "-O";
				VALIDATE_PRODUCT = YES;
			};
			name = Release;
		};
		62741A1A28C78B0200CF5E8A /* Debug */ = {
			isa = XCBuildConfiguration;
			buildSettings = {
				ASSETCATALOG_COMPILER_APPICON_NAME = AppIcon;
				ASSETCATALOG_COMPILER_GLOBAL_ACCENT_COLOR_NAME = AccentColor;
				CODE_SIGN_STYLE = Automatic;
				CURRENT_PROJECT_VERSION = 1;
				DEVELOPMENT_ASSET_PATHS = "\"void/Preview Content\"";
				ENABLE_PREVIEWS = YES;
				GENERATE_INFOPLIST_FILE = YES;
				INFOPLIST_KEY_UIApplicationSceneManifest_Generation = YES;
				INFOPLIST_KEY_UIApplicationSupportsIndirectInputEvents = YES;
				INFOPLIST_KEY_UILaunchScreen_Generation = YES;
				INFOPLIST_KEY_UISupportedInterfaceOrientations_iPad = "UIInterfaceOrientationPortrait UIInterfaceOrientationPortraitUpsideDown UIInterfaceOrientationLandscapeLeft UIInterfaceOrientationLandscapeRight";
				INFOPLIST_KEY_UISupportedInterfaceOrientations_iPhone = "UIInterfaceOrientationPortrait UIInterfaceOrientationLandscapeLeft UIInterfaceOrientationLandscapeRight";
				IPHONEOS_DEPLOYMENT_TARGET = 15.0;
				LD_RUNPATH_SEARCH_PATHS = (
					"$(inherited)",
					"@executable_path/Frameworks",
				);
				MARKETING_VERSION = 1.0;
				PRODUCT_BUNDLE_IDENTIFIER = foundations.void;
				PRODUCT_NAME = "$(TARGET_NAME)";
				SWIFT_EMIT_LOC_STRINGS = YES;
				SWIFT_VERSION = 5.0;
				TARGETED_DEVICE_FAMILY = "1,2";
			};
			name = Debug;
		};
		62741A1B28C78B0200CF5E8A /* Release */ = {
			isa = XCBuildConfiguration;
			buildSettings = {
				ASSETCATALOG_COMPILER_APPICON_NAME = AppIcon;
				ASSETCATALOG_COMPILER_GLOBAL_ACCENT_COLOR_NAME = AccentColor;
				CODE_SIGN_STYLE = Automatic;
				CURRENT_PROJECT_VERSION = 1;
				DEVELOPMENT_ASSET_PATHS = "\"void/Preview Content\"";
				ENABLE_PREVIEWS = YES;
				GENERATE_INFOPLIST_FILE = YES;
				INFOPLIST_KEY_UIApplicationSceneManifest_Generation = YES;
				INFOPLIST_KEY_UIApplicationSupportsIndirectInputEvents = YES;
				INFOPLIST_KEY_UILaunchScreen_Generation = YES;
				INFOPLIST_KEY_UISupportedInterfaceOrientations_iPad = "UIInterfaceOrientationPortrait UIInterfaceOrientationPortraitUpsideDown UIInterfaceOrientationLandscapeLeft UIInterfaceOrientationLandscapeRight";
				INFOPLIST_KEY_UISupportedInterfaceOrientations_iPhone = "UIInterfaceOrientationPortrait UIInterfaceOrientationLandscapeLeft UIInterfaceOrientationLandscapeRight";
				IPHONEOS_DEPLOYMENT_TARGET = 15.0;
				LD_RUNPATH_SEARCH_PATHS = (
					"$(inherited)",
					"@executable_path/Frameworks",
				);
				MARKETING_VERSION = 1.0;
				PRODUCT_BUNDLE_IDENTIFIER = foundations.void;
				PRODUCT_NAME = "$(TARGET_NAME)";
				SWIFT_EMIT_LOC_STRINGS = YES;
				SWIFT_VERSION = 5.0;
				TARGETED_DEVICE_FAMILY = "1,2";
			};
			name = Release;
		};
/* End XCBuildConfiguration section */

/* Begin XCConfigurationList section */
		62741A0628C78AFD00CF5E8A /* Build configuration list for PBXProject "void" */ = {
			isa = XCConfigurationList;
			buildConfigurations = (
				62741A1728C78B0200CF5E8A /* Debug */,
				62741A1828C78B0200CF5E8A /* Release */,
			);
			defaultConfigurationIsVisible = 0;
			defaultConfigurationName = Release;
		};
		62741A1928C78B0200CF5E8A /* Build configuration list for PBXNativeTarget "void" */ = {
			isa = XCConfigurationList;
			buildConfigurations = (
				62741A1A28C78B0200CF5E8A /* Debug */,
				62741A1B28C78B0200CF5E8A /* Release */,
			);
			defaultConfigurationIsVisible = 0;
			defaultConfigurationName = Release;
		};
/* End XCConfigurationList section */
	};
	rootObject = 62741A0328C78AFD00CF5E8A /* Project object */;
}
